// !$*UTF8*$!
{
	archiveVersion = 1;
	classes = {
	};
	objectVersion = 55;
	objects = {

/* Begin PBXBuildFile section */
		17065AC027B5233900F4C9D8 /* AppDelegate.swift in Sources */ = {isa = PBXBuildFile; fileRef = 17065ABF27B5233900F4C9D8 /* AppDelegate.swift */; };
		17065AC227B5233900F4C9D8 /* ContentView.swift in Sources */ = {isa = PBXBuildFile; fileRef = 17065AC127B5233900F4C9D8 /* ContentView.swift */; };
		17065AC427B5233900F4C9D8 /* Experience.rcproject in Sources */ = {isa = PBXBuildFile; fileRef = 17065AC327B5233900F4C9D8 /* Experience.rcproject */; };
		17065AC627B5233C00F4C9D8 /* Assets.xcassets in Resources */ = {isa = PBXBuildFile; fileRef = 17065AC527B5233C00F4C9D8 /* Assets.xcassets */; };
		17065AC927B5233C00F4C9D8 /* Preview Assets.xcassets in Resources */ = {isa = PBXBuildFile; fileRef = 17065AC827B5233C00F4C9D8 /* Preview Assets.xcassets */; };
		17065AD327B5233C00F4C9D8 /* AugementedRealityAppTests.swift in Sources */ = {isa = PBXBuildFile; fileRef = 17065AD227B5233C00F4C9D8 /* AugementedRealityAppTests.swift */; };
		17065ADD27B5233C00F4C9D8 /* AugementedRealityAppUITests.swift in Sources */ = {isa = PBXBuildFile; fileRef = 17065ADC27B5233C00F4C9D8 /* AugementedRealityAppUITests.swift */; };
		17065ADF27B5233C00F4C9D8 /* AugementedRealityAppUITestsLaunchTests.swift in Sources */ = {isa = PBXBuildFile; fileRef = 17065ADE27B5233C00F4C9D8 /* AugementedRealityAppUITestsLaunchTests.swift */; };
		17065AFB27B52D7300F4C9D8 /* AirForce.usdz in Resources */ = {isa = PBXBuildFile; fileRef = 17065AF827B52D7300F4C9D8 /* AirForce.usdz */; };
		17065AFC27B52D7300F4C9D8 /* toy_biplane.usdz in Resources */ = {isa = PBXBuildFile; fileRef = 17065AF927B52D7300F4C9D8 /* toy_biplane.usdz */; };
		17065AFD27B52D7300F4C9D8 /* PegasusTrail.usdz in Resources */ = {isa = PBXBuildFile; fileRef = 17065AFA27B52D7300F4C9D8 /* PegasusTrail.usdz */; };
/* End PBXBuildFile section */

/* Begin PBXContainerItemProxy section */
		17065ACF27B5233C00F4C9D8 /* PBXContainerItemProxy */ = {
			isa = PBXContainerItemProxy;
			containerPortal = 17065AB427B5233900F4C9D8 /* Project object */;
			proxyType = 1;
			remoteGlobalIDString = 17065ABB27B5233900F4C9D8;
			remoteInfo = AugementedRealityApp;
		};
		17065AD927B5233C00F4C9D8 /* PBXContainerItemProxy */ = {
			isa = PBXContainerItemProxy;
			containerPortal = 17065AB427B5233900F4C9D8 /* Project object */;
			proxyType = 1;
			remoteGlobalIDString = 17065ABB27B5233900F4C9D8;
			remoteInfo = AugementedRealityApp;
		};
/* End PBXContainerItemProxy section */

/* Begin PBXFileReference section */
		17065ABC27B5233900F4C9D8 /* AugementedRealityApp.app */ = {isa = PBXFileReference; explicitFileType = wrapper.application; includeInIndex = 0; path = AugementedRealityApp.app; sourceTree = BUILT_PRODUCTS_DIR; };
		17065ABF27B5233900F4C9D8 /* AppDelegate.swift */ = {isa = PBXFileReference; lastKnownFileType = sourcecode.swift; path = AppDelegate.swift; sourceTree = "<group>"; };
		17065AC127B5233900F4C9D8 /* ContentView.swift */ = {isa = PBXFileReference; lastKnownFileType = sourcecode.swift; path = ContentView.swift; sourceTree = "<group>"; };
		17065AC327B5233900F4C9D8 /* Experience.rcproject */ = {isa = PBXFileReference; lastKnownFileType = file.rcproject; path = Experience.rcproject; sourceTree = "<group>"; };
		17065AC527B5233C00F4C9D8 /* Assets.xcassets */ = {isa = PBXFileReference; lastKnownFileType = folder.assetcatalog; path = Assets.xcassets; sourceTree = "<group>"; };
		17065AC827B5233C00F4C9D8 /* Preview Assets.xcassets */ = {isa = PBXFileReference; lastKnownFileType = folder.assetcatalog; path = "Preview Assets.xcassets"; sourceTree = "<group>"; };
		17065ACE27B5233C00F4C9D8 /* AugementedRealityAppTests.xctest */ = {isa = PBXFileReference; explicitFileType = wrapper.cfbundle; includeInIndex = 0; path = AugementedRealityAppTests.xctest; sourceTree = BUILT_PRODUCTS_DIR; };
		17065AD227B5233C00F4C9D8 /* AugementedRealityAppTests.swift */ = {isa = PBXFileReference; lastKnownFileType = sourcecode.swift; path = AugementedRealityAppTests.swift; sourceTree = "<group>"; };
		17065AD827B5233C00F4C9D8 /* AugementedRealityAppUITests.xctest */ = {isa = PBXFileReference; explicitFileType = wrapper.cfbundle; includeInIndex = 0; path = AugementedRealityAppUITests.xctest; sourceTree = BUILT_PRODUCTS_DIR; };
		17065ADC27B5233C00F4C9D8 /* AugementedRealityAppUITests.swift */ = {isa = PBXFileReference; lastKnownFileType = sourcecode.swift; path = AugementedRealityAppUITests.swift; sourceTree = "<group>"; };
		17065ADE27B5233C00F4C9D8 /* AugementedRealityAppUITestsLaunchTests.swift */ = {isa = PBXFileReference; lastKnownFileType = sourcecode.swift; path = AugementedRealityAppUITestsLaunchTests.swift; sourceTree = "<group>"; };
		17065AF827B52D7300F4C9D8 /* AirForce.usdz */ = {isa = PBXFileReference; lastKnownFileType = file.usdz; name = AirForce.usdz; path = ../../../../../Downloads/AirForce.usdz; sourceTree = "<group>"; };
		17065AF927B52D7300F4C9D8 /* toy_biplane.usdz */ = {isa = PBXFileReference; lastKnownFileType = file.usdz; name = toy_biplane.usdz; path = ../../../../../Downloads/toy_biplane.usdz; sourceTree = "<group>"; };
		17065AFA27B52D7300F4C9D8 /* PegasusTrail.usdz */ = {isa = PBXFileReference; lastKnownFileType = file.usdz; name = PegasusTrail.usdz; path = ../../../../../Downloads/PegasusTrail.usdz; sourceTree = "<group>"; };
/* End PBXFileReference section */

/* Begin PBXFrameworksBuildPhase section */
		17065AB927B5233900F4C9D8 /* Frameworks */ = {
			isa = PBXFrameworksBuildPhase;
			buildActionMask = 2147483647;
			files = (
			);
			runOnlyForDeploymentPostprocessing = 0;
		};
		17065ACB27B5233C00F4C9D8 /* Frameworks */ = {
			isa = PBXFrameworksBuildPhase;
			buildActionMask = 2147483647;
			files = (
			);
			runOnlyForDeploymentPostprocessing = 0;
		};
		17065AD527B5233C00F4C9D8 /* Frameworks */ = {
			isa = PBXFrameworksBuildPhase;
			buildActionMask = 2147483647;
			files = (
			);
			runOnlyForDeploymentPostprocessing = 0;
		};
/* End PBXFrameworksBuildPhase section */

/* Begin PBXGroup section */
		17065AB327B5233900F4C9D8 = {
			isa = PBXGroup;
			children = (
				17065ABE27B5233900F4C9D8 /* AugementedRealityApp */,
				17065AD127B5233C00F4C9D8 /* AugementedRealityAppTests */,
				17065ADB27B5233C00F4C9D8 /* AugementedRealityAppUITests */,
				17065ABD27B5233900F4C9D8 /* Products */,
			);
			sourceTree = "<group>";
		};
		17065ABD27B5233900F4C9D8 /* Products */ = {
			isa = PBXGroup;
			children = (
				17065ABC27B5233900F4C9D8 /* AugementedRealityApp.app */,
				17065ACE27B5233C00F4C9D8 /* AugementedRealityAppTests.xctest */,
				17065AD827B5233C00F4C9D8 /* AugementedRealityAppUITests.xctest */,
			);
			name = Products;
			sourceTree = "<group>";
		};
		17065ABE27B5233900F4C9D8 /* AugementedRealityApp */ = {
			isa = PBXGroup;
			children = (
				17065ABF27B5233900F4C9D8 /* AppDelegate.swift */,
				17065AC127B5233900F4C9D8 /* ContentView.swift */,
				17065AEB27B5251900F4C9D8 /* Models */,
				17065AC327B5233900F4C9D8 /* Experience.rcproject */,
				17065AC527B5233C00F4C9D8 /* Assets.xcassets */,
				17065AC727B5233C00F4C9D8 /* Preview Content */,
			);
			path = AugementedRealityApp;
			sourceTree = "<group>";
		};
		17065AC727B5233C00F4C9D8 /* Preview Content */ = {
			isa = PBXGroup;
			children = (
				17065AC827B5233C00F4C9D8 /* Preview Assets.xcassets */,
			);
			path = "Preview Content";
			sourceTree = "<group>";
		};
		17065AD127B5233C00F4C9D8 /* AugementedRealityAppTests */ = {
			isa = PBXGroup;
			children = (
				17065AD227B5233C00F4C9D8 /* AugementedRealityAppTests.swift */,
			);
			path = AugementedRealityAppTests;
			sourceTree = "<group>";
		};
		17065ADB27B5233C00F4C9D8 /* AugementedRealityAppUITests */ = {
			isa = PBXGroup;
			children = (
				17065ADC27B5233C00F4C9D8 /* AugementedRealityAppUITests.swift */,
				17065ADE27B5233C00F4C9D8 /* AugementedRealityAppUITestsLaunchTests.swift */,
			);
			path = AugementedRealityAppUITests;
			sourceTree = "<group>";
		};
		17065AEB27B5251900F4C9D8 /* Models */ = {
			isa = PBXGroup;
			children = (
				17065AF827B52D7300F4C9D8 /* AirForce.usdz */,
				17065AFA27B52D7300F4C9D8 /* PegasusTrail.usdz */,
				17065AF927B52D7300F4C9D8 /* toy_biplane.usdz */,
			);
			path = Models;
			sourceTree = "<group>";
		};
/* End PBXGroup section */

/* Begin PBXNativeTarget section */
		17065ABB27B5233900F4C9D8 /* AugementedRealityApp */ = {
			isa = PBXNativeTarget;
			buildConfigurationList = 17065AE227B5233C00F4C9D8 /* Build configuration list for PBXNativeTarget "AugementedRealityApp" */;
			buildPhases = (
				17065AB827B5233900F4C9D8 /* Sources */,
				17065AB927B5233900F4C9D8 /* Frameworks */,
				17065ABA27B5233900F4C9D8 /* Resources */,
			);
			buildRules = (
			);
			dependencies = (
			);
			name = AugementedRealityApp;
			productName = AugementedRealityApp;
			productReference = 17065ABC27B5233900F4C9D8 /* AugementedRealityApp.app */;
			productType = "com.apple.product-type.application";
		};
		17065ACD27B5233C00F4C9D8 /* AugementedRealityAppTests */ = {
			isa = PBXNativeTarget;
			buildConfigurationList = 17065AE527B5233C00F4C9D8 /* Build configuration list for PBXNativeTarget "AugementedRealityAppTests" */;
			buildPhases = (
				17065ACA27B5233C00F4C9D8 /* Sources */,
				17065ACB27B5233C00F4C9D8 /* Frameworks */,
				17065ACC27B5233C00F4C9D8 /* Resources */,
			);
			buildRules = (
			);
			dependencies = (
				17065AD027B5233C00F4C9D8 /* PBXTargetDependency */,
			);
			name = AugementedRealityAppTests;
			productName = AugementedRealityAppTests;
			productReference = 17065ACE27B5233C00F4C9D8 /* AugementedRealityAppTests.xctest */;
			productType = "com.apple.product-type.bundle.unit-test";
		};
		17065AD727B5233C00F4C9D8 /* AugementedRealityAppUITests */ = {
			isa = PBXNativeTarget;
			buildConfigurationList = 17065AE827B5233C00F4C9D8 /* Build configuration list for PBXNativeTarget "AugementedRealityAppUITests" */;
			buildPhases = (
				17065AD427B5233C00F4C9D8 /* Sources */,
				17065AD527B5233C00F4C9D8 /* Frameworks */,
				17065AD627B5233C00F4C9D8 /* Resources */,
			);
			buildRules = (
			);
			dependencies = (
				17065ADA27B5233C00F4C9D8 /* PBXTargetDependency */,
			);
			name = AugementedRealityAppUITests;
			productName = AugementedRealityAppUITests;
			productReference = 17065AD827B5233C00F4C9D8 /* AugementedRealityAppUITests.xctest */;
			productType = "com.apple.product-type.bundle.ui-testing";
		};
/* End PBXNativeTarget section */

/* Begin PBXProject section */
		17065AB427B5233900F4C9D8 /* Project object */ = {
			isa = PBXProject;
			attributes = {
				BuildIndependentTargetsInParallel = 1;
				LastSwiftUpdateCheck = 1320;
				LastUpgradeCheck = 1320;
				TargetAttributes = {
					17065ABB27B5233900F4C9D8 = {
						CreatedOnToolsVersion = 13.2.1;
					};
					17065ACD27B5233C00F4C9D8 = {
						CreatedOnToolsVersion = 13.2.1;
						TestTargetID = 17065ABB27B5233900F4C9D8;
					};
					17065AD727B5233C00F4C9D8 = {
						CreatedOnToolsVersion = 13.2.1;
						TestTargetID = 17065ABB27B5233900F4C9D8;
					};
				};
			};
			buildConfigurationList = 17065AB727B5233900F4C9D8 /* Build configuration list for PBXProject "AugementedRealityApp" */;
			compatibilityVersion = "Xcode 13.0";
			developmentRegion = en;
			hasScannedForEncodings = 0;
			knownRegions = (
				en,
				Base,
			);
			mainGroup = 17065AB327B5233900F4C9D8;
			productRefGroup = 17065ABD27B5233900F4C9D8 /* Products */;
			projectDirPath = "";
			projectRoot = "";
			targets = (
				17065ABB27B5233900F4C9D8 /* AugementedRealityApp */,
				17065ACD27B5233C00F4C9D8 /* AugementedRealityAppTests */,
				17065AD727B5233C00F4C9D8 /* AugementedRealityAppUITests */,
			);
		};
/* End PBXProject section */

/* Begin PBXResourcesBuildPhase section */
		17065ABA27B5233900F4C9D8 /* Resources */ = {
			isa = PBXResourcesBuildPhase;
			buildActionMask = 2147483647;
			files = (
				17065AC927B5233C00F4C9D8 /* Preview Assets.xcassets in Resources */,
				17065AC627B5233C00F4C9D8 /* Assets.xcassets in Resources */,
				17065AFD27B52D7300F4C9D8 /* PegasusTrail.usdz in Resources */,
				17065AFC27B52D7300F4C9D8 /* toy_biplane.usdz in Resources */,
				17065AFB27B52D7300F4C9D8 /* AirForce.usdz in Resources */,
			);
			runOnlyForDeploymentPostprocessing = 0;
		};
		17065ACC27B5233C00F4C9D8 /* Resources */ = {
			isa = PBXResourcesBuildPhase;
			buildActionMask = 2147483647;
			files = (
			);
			runOnlyForDeploymentPostprocessing = 0;
		};
		17065AD627B5233C00F4C9D8 /* Resources */ = {
			isa = PBXResourcesBuildPhase;
			buildActionMask = 2147483647;
			files = (
			);
			runOnlyForDeploymentPostprocessing = 0;
		};
/* End PBXResourcesBuildPhase section */

/* Begin PBXSourcesBuildPhase section */
		17065AB827B5233900F4C9D8 /* Sources */ = {
			isa = PBXSourcesBuildPhase;
			buildActionMask = 2147483647;
			files = (
				17065AC227B5233900F4C9D8 /* ContentView.swift in Sources */,
				17065AC027B5233900F4C9D8 /* AppDelegate.swift in Sources */,
				17065AC427B5233900F4C9D8 /* Experience.rcproject in Sources */,
			);
			runOnlyForDeploymentPostprocessing = 0;
		};
		17065ACA27B5233C00F4C9D8 /* Sources */ = {
			isa = PBXSourcesBuildPhase;
			buildActionMask = 2147483647;
			files = (
				17065AD327B5233C00F4C9D8 /* AugementedRealityAppTests.swift in Sources */,
			);
			runOnlyForDeploymentPostprocessing = 0;
		};
		17065AD427B5233C00F4C9D8 /* Sources */ = {
			isa = PBXSourcesBuildPhase;
			buildActionMask = 2147483647;
			files = (
				17065ADF27B5233C00F4C9D8 /* AugementedRealityAppUITestsLaunchTests.swift in Sources */,
				17065ADD27B5233C00F4C9D8 /* AugementedRealityAppUITests.swift in Sources */,
			);
			runOnlyForDeploymentPostprocessing = 0;
		};
/* End PBXSourcesBuildPhase section */

/* Begin PBXTargetDependency section */
		17065AD027B5233C00F4C9D8 /* PBXTargetDependency */ = {
			isa = PBXTargetDependency;
			target = 17065ABB27B5233900F4C9D8 /* AugementedRealityApp */;
			targetProxy = 17065ACF27B5233C00F4C9D8 /* PBXContainerItemProxy */;
		};
		17065ADA27B5233C00F4C9D8 /* PBXTargetDependency */ = {
			isa = PBXTargetDependency;
			target = 17065ABB27B5233900F4C9D8 /* AugementedRealityApp */;
			targetProxy = 17065AD927B5233C00F4C9D8 /* PBXContainerItemProxy */;
		};
/* End PBXTargetDependency section */

/* Begin XCBuildConfiguration section */
		17065AE027B5233C00F4C9D8 /* Debug */ = {
			isa = XCBuildConfiguration;
			buildSettings = {
				ALWAYS_SEARCH_USER_PATHS = NO;
				CLANG_ANALYZER_NONNULL = YES;
				CLANG_ANALYZER_NUMBER_OBJECT_CONVERSION = YES_AGGRESSIVE;
				CLANG_CXX_LANGUAGE_STANDARD = "gnu++17";
				CLANG_CXX_LIBRARY = "libc++";
				CLANG_ENABLE_MODULES = YES;
				CLANG_ENABLE_OBJC_ARC = YES;
				CLANG_ENABLE_OBJC_WEAK = YES;
				CLANG_WARN_BLOCK_CAPTURE_AUTORELEASING = YES;
				CLANG_WARN_BOOL_CONVERSION = YES;
				CLANG_WARN_COMMA = YES;
				CLANG_WARN_CONSTANT_CONVERSION = YES;
				CLANG_WARN_DEPRECATED_OBJC_IMPLEMENTATIONS = YES;
				CLANG_WARN_DIRECT_OBJC_ISA_USAGE = YES_ERROR;
				CLANG_WARN_DOCUMENTATION_COMMENTS = YES;
				CLANG_WARN_EMPTY_BODY = YES;
				CLANG_WARN_ENUM_CONVERSION = YES;
				CLANG_WARN_INFINITE_RECURSION = YES;
				CLANG_WARN_INT_CONVERSION = YES;
				CLANG_WARN_NON_LITERAL_NULL_CONVERSION = YES;
				CLANG_WARN_OBJC_IMPLICIT_RETAIN_SELF = YES;
				CLANG_WARN_OBJC_LITERAL_CONVERSION = YES;
				CLANG_WARN_OBJC_ROOT_CLASS = YES_ERROR;
				CLANG_WARN_QUOTED_INCLUDE_IN_FRAMEWORK_HEADER = YES;
				CLANG_WARN_RANGE_LOOP_ANALYSIS = YES;
				CLANG_WARN_STRICT_PROTOTYPES = YES;
				CLANG_WARN_SUSPICIOUS_MOVE = YES;
				CLANG_WARN_UNGUARDED_AVAILABILITY = YES_AGGRESSIVE;
				CLANG_WARN_UNREACHABLE_CODE = YES;
				CLANG_WARN__DUPLICATE_METHOD_MATCH = YES;
				COPY_PHASE_STRIP = NO;
				DEBUG_INFORMATION_FORMAT = dwarf;
				ENABLE_STRICT_OBJC_MSGSEND = YES;
				ENABLE_TESTABILITY = YES;
				GCC_C_LANGUAGE_STANDARD = gnu11;
				GCC_DYNAMIC_NO_PIC = NO;
				GCC_NO_COMMON_BLOCKS = YES;
				GCC_OPTIMIZATION_LEVEL = 0;
				GCC_PREPROCESSOR_DEFINITIONS = (
					"DEBUG=1",
					"$(inherited)",
				);
				GCC_WARN_64_TO_32_BIT_CONVERSION = YES;
				GCC_WARN_ABOUT_RETURN_TYPE = YES_ERROR;
				GCC_WARN_UNDECLARED_SELECTOR = YES;
				GCC_WARN_UNINITIALIZED_AUTOS = YES_AGGRESSIVE;
				GCC_WARN_UNUSED_FUNCTION = YES;
				GCC_WARN_UNUSED_VARIABLE = YES;
				IPHONEOS_DEPLOYMENT_TARGET = 15.2;
				MTL_ENABLE_DEBUG_INFO = INCLUDE_SOURCE;
				MTL_FAST_MATH = YES;
				ONLY_ACTIVE_ARCH = YES;
				SDKROOT = iphoneos;
				SWIFT_ACTIVE_COMPILATION_CONDITIONS = DEBUG;
				SWIFT_OPTIMIZATION_LEVEL = "-Onone";
			};
			name = Debug;
		};
		17065AE127B5233C00F4C9D8 /* Release */ = {
			isa = XCBuildConfiguration;
			buildSettings = {
				ALWAYS_SEARCH_USER_PATHS = NO;
				CLANG_ANALYZER_NONNULL = YES;
				CLANG_ANALYZER_NUMBER_OBJECT_CONVERSION = YES_AGGRESSIVE;
				CLANG_CXX_LANGUAGE_STANDARD = "gnu++17";
				CLANG_CXX_LIBRARY = "libc++";
				CLANG_ENABLE_MODULES = YES;
				CLANG_ENABLE_OBJC_ARC = YES;
				CLANG_ENABLE_OBJC_WEAK = YES;
				CLANG_WARN_BLOCK_CAPTURE_AUTORELEASING = YES;
				CLANG_WARN_BOOL_CONVERSION = YES;
				CLANG_WARN_COMMA = YES;
				CLANG_WARN_CONSTANT_CONVERSION = YES;
				CLANG_WARN_DEPRECATED_OBJC_IMPLEMENTATIONS = YES;
				CLANG_WARN_DIRECT_OBJC_ISA_USAGE = YES_ERROR;
				CLANG_WARN_DOCUMENTATION_COMMENTS = YES;
				CLANG_WARN_EMPTY_BODY = YES;
				CLANG_WARN_ENUM_CONVERSION = YES;
				CLANG_WARN_INFINITE_RECURSION = YES;
				CLANG_WARN_INT_CONVERSION = YES;
				CLANG_WARN_NON_LITERAL_NULL_CONVERSION = YES;
				CLANG_WARN_OBJC_IMPLICIT_RETAIN_SELF = YES;
				CLANG_WARN_OBJC_LITERAL_CONVERSION = YES;
				CLANG_WARN_OBJC_ROOT_CLASS = YES_ERROR;
				CLANG_WARN_QUOTED_INCLUDE_IN_FRAMEWORK_HEADER = YES;
				CLANG_WARN_RANGE_LOOP_ANALYSIS = YES;
				CLANG_WARN_STRICT_PROTOTYPES = YES;
				CLANG_WARN_SUSPICIOUS_MOVE = YES;
				CLANG_WARN_UNGUARDED_AVAILABILITY = YES_AGGRESSIVE;
				CLANG_WARN_UNREACHABLE_CODE = YES;
				CLANG_WARN__DUPLICATE_METHOD_MATCH = YES;
				COPY_PHASE_STRIP = NO;
				DEBUG_INFORMATION_FORMAT = "dwarf-with-dsym";
				ENABLE_NS_ASSERTIONS = NO;
				ENABLE_STRICT_OBJC_MSGSEND = YES;
				GCC_C_LANGUAGE_STANDARD = gnu11;
				GCC_NO_COMMON_BLOCKS = YES;
				GCC_WARN_64_TO_32_BIT_CONVERSION = YES;
				GCC_WARN_ABOUT_RETURN_TYPE = YES_ERROR;
				GCC_WARN_UNDECLARED_SELECTOR = YES;
				GCC_WARN_UNINITIALIZED_AUTOS = YES_AGGRESSIVE;
				GCC_WARN_UNUSED_FUNCTION = YES;
				GCC_WARN_UNUSED_VARIABLE = YES;
				IPHONEOS_DEPLOYMENT_TARGET = 15.2;
				MTL_ENABLE_DEBUG_INFO = NO;
				MTL_FAST_MATH = YES;
				SDKROOT = iphoneos;
				SWIFT_COMPILATION_MODE = wholemodule;
				SWIFT_OPTIMIZATION_LEVEL = "-O";
				VALIDATE_PRODUCT = YES;
			};
			name = Release;
		};
		17065AE327B5233C00F4C9D8 /* Debug */ = {
			isa = XCBuildConfiguration;
			buildSettings = {
				ASSETCATALOG_COMPILER_APPICON_NAME = AppIcon;
				ASSETCATALOG_COMPILER_GLOBAL_ACCENT_COLOR_NAME = AccentColor;
				CODE_SIGN_STYLE = Automatic;
				CURRENT_PROJECT_VERSION = 1;
				DEVELOPMENT_ASSET_PATHS = "\"AugementedRealityApp/Preview Content\"";
				DEVELOPMENT_TEAM = 8RP7849SP8;
				ENABLE_PREVIEWS = YES;
				GENERATE_INFOPLIST_FILE = YES;
				INFOPLIST_KEY_NSCameraUsageDescription = "";
				INFOPLIST_KEY_UIApplicationSupportsIndirectInputEvents = YES;
				INFOPLIST_KEY_UILaunchScreen_Generation = YES;
				INFOPLIST_KEY_UIRequiredDeviceCapabilities = arkit;
				INFOPLIST_KEY_UIStatusBarHidden = YES;
				INFOPLIST_KEY_UISupportedInterfaceOrientations_iPad = "UIInterfaceOrientationPortrait UIInterfaceOrientationPortraitUpsideDown UIInterfaceOrientationLandscapeLeft UIInterfaceOrientationLandscapeRight";
				INFOPLIST_KEY_UISupportedInterfaceOrientations_iPhone = "UIInterfaceOrientationPortrait UIInterfaceOrientationLandscapeLeft UIInterfaceOrientationLandscapeRight";
				LD_RUNPATH_SEARCH_PATHS = (
					"$(inherited)",
					"@executable_path/Frameworks",
				);
				MARKETING_VERSION = 1.0;
				PRODUCT_BUNDLE_IDENTIFIER = com.salaheddine.sample.AugementedRealityApp;
				PRODUCT_NAME = "$(TARGET_NAME)";
				SWIFT_EMIT_LOC_STRINGS = YES;
				SWIFT_VERSION = 5.0;
				TARGETED_DEVICE_FAMILY = "1,2";
			};
			name = Debug;
		};
		17065AE427B5233C00F4C9D8 /* Release */ = {
			isa = XCBuildConfiguration;
			buildSettings = {
				ASSETCATALOG_COMPILER_APPICON_NAME = AppIcon;
				ASSETCATALOG_COMPILER_GLOBAL_ACCENT_COLOR_NAME = AccentColor;
				CODE_SIGN_STYLE = Automatic;
				CURRENT_PROJECT_VERSION = 1;
				DEVELOPMENT_ASSET_PATHS = "\"AugementedRealityApp/Preview Content\"";
				DEVELOPMENT_TEAM = 8RP7849SP8;
				ENABLE_PREVIEWS = YES;
				GENERATE_INFOPLIST_FILE = YES;
				INFOPLIST_KEY_NSCameraUsageDescription = "";
				INFOPLIST_KEY_UIApplicationSupportsIndirectInputEvents = YES;
				INFOPLIST_KEY_UILaunchScreen_Generation = YES;
				INFOPLIST_KEY_UIRequiredDeviceCapabilities = arkit;
				INFOPLIST_KEY_UIStatusBarHidden = YES;
				INFOPLIST_KEY_UISupportedInterfaceOrientations_iPad = "UIInterfaceOrientationPortrait UIInterfaceOrientationPortraitUpsideDown UIInterfaceOrientationLandscapeLeft UIInterfaceOrientationLandscapeRight";
				INFOPLIST_KEY_UISupportedInterfaceOrientations_iPhone = "UIInterfaceOrientationPortrait UIInterfaceOrientationLandscapeLeft UIInterfaceOrientationLandscapeRight";
				LD_RUNPATH_SEARCH_PATHS = (
					"$(inherited)",
					"@executable_path/Frameworks",
				);
				MARKETING_VERSION = 1.0;
				PRODUCT_BUNDLE_IDENTIFIER = com.salaheddine.sample.AugementedRealityApp;
				PRODUCT_NAME = "$(TARGET_NAME)";
				SWIFT_EMIT_LOC_STRINGS = YES;
				SWIFT_VERSION = 5.0;
				TARGETED_DEVICE_FAMILY = "1,2";
			};
			name = Release;
		};
		17065AE627B5233C00F4C9D8 /* Debug */ = {
			isa = XCBuildConfiguration;
			buildSettings = {
				ALWAYS_EMBED_SWIFT_STANDARD_LIBRARIES = YES;
				BUNDLE_LOADER = "$(TEST_HOST)";
				CODE_SIGN_STYLE = Automatic;
				CURRENT_PROJECT_VERSION = 1;
				DEVELOPMENT_TEAM = 8RP7849SP8;
				GENERATE_INFOPLIST_FILE = YES;
				IPHONEOS_DEPLOYMENT_TARGET = 15.2;
				MARKETING_VERSION = 1.0;
				PRODUCT_BUNDLE_IDENTIFIER = com.salaheddine.sample.AugementedRealityAppTests;
				PRODUCT_NAME = "$(TARGET_NAME)";
				SWIFT_EMIT_LOC_STRINGS = NO;
				SWIFT_VERSION = 5.0;
				TARGETED_DEVICE_FAMILY = "1,2";
				TEST_HOST = "$(BUILT_PRODUCTS_DIR)/AugementedRealityApp.app/AugementedRealityApp";
			};
			name = Debug;
		};
		17065AE727B5233C00F4C9D8 /* Release */ = {
			isa = XCBuildConfiguration;
			buildSettings = {
				ALWAYS_EMBED_SWIFT_STANDARD_LIBRARIES = YES;
				BUNDLE_LOADER = "$(TEST_HOST)";
				CODE_SIGN_STYLE = Automatic;
				CURRENT_PROJECT_VERSION = 1;
				DEVELOPMENT_TEAM = 8RP7849SP8;
				GENERATE_INFOPLIST_FILE = YES;
				IPHONEOS_DEPLOYMENT_TARGET = 15.2;
				MARKETING_VERSION = 1.0;
				PRODUCT_BUNDLE_IDENTIFIER = com.salaheddine.sample.AugementedRealityAppTests;
				PRODUCT_NAME = "$(TARGET_NAME)";
				SWIFT_EMIT_LOC_STRINGS = NO;
				SWIFT_VERSION = 5.0;
				TARGETED_DEVICE_FAMILY = "1,2";
				TEST_HOST = "$(BUILT_PRODUCTS_DIR)/AugementedRealityApp.app/AugementedRealityApp";
			};
			name = Release;
		};
		17065AE927B5233C00F4C9D8 /* Debug */ = {
			isa = XCBuildConfiguration;
			buildSettings = {
				ALWAYS_EMBED_SWIFT_STANDARD_LIBRARIES = YES;
				CODE_SIGN_STYLE = Automatic;
				CURRENT_PROJECT_VERSION = 1;
				DEVELOPMENT_TEAM = 8RP7849SP8;
				GENERATE_INFOPLIST_FILE = YES;
				MARKETING_VERSION = 1.0;
				PRODUCT_BUNDLE_IDENTIFIER = com.salaheddine.sample.AugementedRealityAppUITests;
				PRODUCT_NAME = "$(TARGET_NAME)";
				SWIFT_EMIT_LOC_STRINGS = NO;
				SWIFT_VERSION = 5.0;
				TARGETED_DEVICE_FAMILY = "1,2";
				TEST_TARGET_NAME = AugementedRealityApp;
			};
			name = Debug;
		};
		17065AEA27B5233C00F4C9D8 /* Release */ = {
			isa = XCBuildConfiguration;
			buildSettings = {
				ALWAYS_EMBED_SWIFT_STANDARD_LIBRARIES = YES;
				CODE_SIGN_STYLE = Automatic;
				CURRENT_PROJECT_VERSION = 1;
				DEVELOPMENT_TEAM = 8RP7849SP8;
				GENERATE_INFOPLIST_FILE = YES;
				MARKETING_VERSION = 1.0;
				PRODUCT_BUNDLE_IDENTIFIER = com.salaheddine.sample.AugementedRealityAppUITests;
				PRODUCT_NAME = "$(TARGET_NAME)";
				SWIFT_EMIT_LOC_STRINGS = NO;
				SWIFT_VERSION = 5.0;
				TARGETED_DEVICE_FAMILY = "1,2";
				TEST_TARGET_NAME = AugementedRealityApp;
			};
			name = Release;
		};
/* End XCBuildConfiguration section */

/* Begin XCConfigurationList section */
		17065AB727B5233900F4C9D8 /* Build configuration list for PBXProject "AugementedRealityApp" */ = {
			isa = XCConfigurationList;
			buildConfigurations = (
				17065AE027B5233C00F4C9D8 /* Debug */,
				17065AE127B5233C00F4C9D8 /* Release */,
			);
			defaultConfigurationIsVisible = 0;
			defaultConfigurationName = Release;
		};
		17065AE227B5233C00F4C9D8 /* Build configuration list for PBXNativeTarget "AugementedRealityApp" */ = {
			isa = XCConfigurationList;
			buildConfigurations = (
				17065AE327B5233C00F4C9D8 /* Debug */,
				17065AE427B5233C00F4C9D8 /* Release */,
			);
			defaultConfigurationIsVisible = 0;
			defaultConfigurationName = Release;
		};
		17065AE527B5233C00F4C9D8 /* Build configuration list for PBXNativeTarget "AugementedRealityAppTests" */ = {
			isa = XCConfigurationList;
			buildConfigurations = (
				17065AE627B5233C00F4C9D8 /* Debug */,
				17065AE727B5233C00F4C9D8 /* Release */,
			);
			defaultConfigurationIsVisible = 0;
			defaultConfigurationName = Release;
		};
		17065AE827B5233C00F4C9D8 /* Build configuration list for PBXNativeTarget "AugementedRealityAppUITests" */ = {
			isa = XCConfigurationList;
			buildConfigurations = (
				17065AE927B5233C00F4C9D8 /* Debug */,
				17065AEA27B5233C00F4C9D8 /* Release */,
			);
			defaultConfigurationIsVisible = 0;
			defaultConfigurationName = Release;
		};
/* End XCConfigurationList section */
	};
	rootObject = 17065AB427B5233900F4C9D8 /* Project object */;
}
